
Microsoft Visual Studio Solution File, Format Version 12.00
# Visual Studio Version 16
VisualStudioVersion = 16.0.30717.126
MinimumVisualStudioVersion = 10.0.40219.1
Project("{FAE04EC0-301F-11D3-BF4B-00C04F79EFBC}") = "Assembly-CSharp", "Unity-Client\Assembly-CSharp.csproj", "{5C26F825-99B8-C37C-69E8-BDFCCE656C5B}"
EndProject
Project("{9A19103F-16F7-4668-BE54-9A1E7A4F7556}") = "Server", "Server\Server.csproj", "{D0A06D5C-C71F-4374-9672-A7154B055A42}"
EndProject
Project("{9A19103F-16F7-4668-BE54-9A1E7A4F7556}") = "Core", "Core\Core.csproj", "{DEA5E2FD-5899-4632-997C-80FE6B028E33}"
EndProject
Project("{FAE04EC0-301F-11D3-BF4B-00C04F79EFBC}") = "Unity-Libraries", "Unity-Client\Unity-Libraries.csproj", "{A36269B6-D7DF-E30E-D697-6AB4628D5952}"
EndProject
Global
	GlobalSection(SolutionConfigurationPlatforms) = preSolution
		Debug|Any CPU = Debug|Any CPU
		Release|Any CPU = Release|Any CPU
	EndGlobalSection
	GlobalSection(ProjectConfigurationPlatforms) = postSolution
		{5C26F825-99B8-C37C-69E8-BDFCCE656C5B}.Debug|Any CPU.ActiveCfg = Debug|Any CPU
		{5C26F825-99B8-C37C-69E8-BDFCCE656C5B}.Debug|Any CPU.Build.0 = Debug|Any CPU
		{5C26F825-99B8-C37C-69E8-BDFCCE656C5B}.Release|Any CPU.ActiveCfg = Release|Any CPU
		{5C26F825-99B8-C37C-69E8-BDFCCE656C5B}.Release|Any CPU.Build.0 = Release|Any CPU
		{D0A06D5C-C71F-4374-9672-A7154B055A42}.Debug|Any CPU.ActiveCfg = Debug|Any CPU
		{D0A06D5C-C71F-4374-9672-A7154B055A42}.Debug|Any CPU.Build.0 = Debug|Any CPU
		{D0A06D5C-C71F-4374-9672-A7154B055A42}.Release|Any CPU.ActiveCfg = Release|Any CPU
		{D0A06D5C-C71F-4374-9672-A7154B055A42}.Release|Any CPU.Build.0 = Release|Any CPU
		{DEA5E2FD-5899-4632-997C-80FE6B028E33}.Debug|Any CPU.ActiveCfg = Debug|Any CPU
		{DEA5E2FD-5899-4632-997C-80FE6B028E33}.Debug|Any CPU.Build.0 = Debug|Any CPU
		{DEA5E2FD-5899-4632-997C-80FE6B028E33}.Release|Any CPU.ActiveCfg = Release|Any CPU
		{DEA5E2FD-5899-4632-997C-80FE6B028E33}.Release|Any CPU.Build.0 = Release|Any CPU
		{A36269B6-D7DF-E30E-D697-6AB4628D5952}.Debug|Any CPU.ActiveCfg = Debug|Any CPU
		{A36269B6-D7DF-E30E-D697-6AB4628D5952}.Debug|Any CPU.Build.0 = Debug|Any CPU
		{A36269B6-D7DF-E30E-D697-6AB4628D5952}.Release|Any CPU.ActiveCfg = Release|Any CPU
		{A36269B6-D7DF-E30E-D697-6AB4628D5952}.Release|Any CPU.Build.0 = Release|Any CPU
	EndGlobalSection
	GlobalSection(SolutionProperties) = preSolution
		HideSolutionNode = FALSE
	EndGlobalSection
	GlobalSection(ExtensibilityGlobals) = postSolution
		SolutionGuid = {7D426AD4-2246-46C8-B1B6-732D764F5968}
	EndGlobalSection
EndGlobal
